// !$*UTF8*$!
{
	archiveVersion = 1;
	classes = {
	};
	objectVersion = 56;
	objects = {

/* Begin PBXBuildFile section */
		152F9B742C2C1B45006E7E9C /* CoursesView.swift in Sources */ = {isa = PBXBuildFile; fileRef = 152F9B732C2C1B45006E7E9C /* CoursesView.swift */; };
		152F9B762C2C1F17006E7E9C /* YouCoursesViewController.swift in Sources */ = {isa = PBXBuildFile; fileRef = 152F9B752C2C1F17006E7E9C /* YouCoursesViewController.swift */; };
		152F9B782C2C360C006E7E9C /* CourseModel.swift in Sources */ = {isa = PBXBuildFile; fileRef = 152F9B772C2C360C006E7E9C /* CourseModel.swift */; };
		152F9B7D2C2C383D006E7E9C /* workCourseViewController.swift in Sources */ = {isa = PBXBuildFile; fileRef = 152F9B7C2C2C383D006E7E9C /* workCourseViewController.swift */; };
		152F9B802C2D7772006E7E9C /* DetailViewController.swift in Sources */ = {isa = PBXBuildFile; fileRef = 152F9B7F2C2D7772006E7E9C /* DetailViewController.swift */; };
		152F9B822C2DC098006E7E9C /* UserPageViewController.swift in Sources */ = {isa = PBXBuildFile; fileRef = 152F9B812C2DC098006E7E9C /* UserPageViewController.swift */; };
		152F9B852C2DD051006E7E9C /* SettingsViewController.swift in Sources */ = {isa = PBXBuildFile; fileRef = 152F9B842C2DD051006E7E9C /* SettingsViewController.swift */; };
		152F9B882C2ECE6F006E7E9C /* ApphudSDK in Frameworks */ = {isa = PBXBuildFile; productRef = 152F9B872C2ECE6F006E7E9C /* ApphudSDK */; };
		152F9B8B2C2ED2AC006E7E9C /* OneSignalExtension in Frameworks */ = {isa = PBXBuildFile; productRef = 152F9B8A2C2ED2AC006E7E9C /* OneSignalExtension */; };
		152F9B8D2C2ED2AC006E7E9C /* OneSignalFramework in Frameworks */ = {isa = PBXBuildFile; productRef = 152F9B8C2C2ED2AC006E7E9C /* OneSignalFramework */; };
		152F9B8F2C2ED2AC006E7E9C /* OneSignalInAppMessages in Frameworks */ = {isa = PBXBuildFile; productRef = 152F9B8E2C2ED2AC006E7E9C /* OneSignalInAppMessages */; };
		152F9B912C2ED2AC006E7E9C /* OneSignalLocation in Frameworks */ = {isa = PBXBuildFile; productRef = 152F9B902C2ED2AC006E7E9C /* OneSignalLocation */; };
		152F9B942C2ED36B006E7E9C /* YandexMobileMetrica in Frameworks */ = {isa = PBXBuildFile; productRef = 152F9B932C2ED36B006E7E9C /* YandexMobileMetrica */; };
		152F9B962C2ED36B006E7E9C /* YandexMobileMetricaCrashes in Frameworks */ = {isa = PBXBuildFile; productRef = 152F9B952C2ED36B006E7E9C /* YandexMobileMetricaCrashes */; };
		1568ABF12C2AD38700C967FC /* AppDelegate.swift in Sources */ = {isa = PBXBuildFile; fileRef = 1568ABF02C2AD38700C967FC /* AppDelegate.swift */; };
		1568ABF32C2AD38700C967FC /* SceneDelegate.swift in Sources */ = {isa = PBXBuildFile; fileRef = 1568ABF22C2AD38700C967FC /* SceneDelegate.swift */; };
		1568ABF82C2AD38700C967FC /* Main.storyboard in Resources */ = {isa = PBXBuildFile; fileRef = 1568ABF62C2AD38700C967FC /* Main.storyboard */; };
		1568ABFA2C2AD38900C967FC /* Assets.xcassets in Resources */ = {isa = PBXBuildFile; fileRef = 1568ABF92C2AD38900C967FC /* Assets.xcassets */; };
		1568ABFD2C2AD38900C967FC /* LaunchScreen.storyboard in Resources */ = {isa = PBXBuildFile; fileRef = 1568ABFB2C2AD38900C967FC /* LaunchScreen.storyboard */; };
		1568AC072C2AD46C00C967FC /* LoadViewController.swift in Sources */ = {isa = PBXBuildFile; fileRef = 1568AC062C2AD46C00C967FC /* LoadViewController.swift */; };
		1568AC0A2C2ADA8E00C967FC /* SnapKit in Frameworks */ = {isa = PBXBuildFile; productRef = 1568AC092C2ADA8E00C967FC /* SnapKit */; };
		1568AC0D2C2ADEFC00C967FC /* OneUserViewController.swift in Sources */ = {isa = PBXBuildFile; fileRef = 1568AC0C2C2ADEFC00C967FC /* OneUserViewController.swift */; };
		1568AC0F2C2ADF0B00C967FC /* TwoUserViewController.swift in Sources */ = {isa = PBXBuildFile; fileRef = 1568AC0E2C2ADF0B00C967FC /* TwoUserViewController.swift */; };
		1568AC142C2B00FE00C967FC /* MainDashboardViewController.swift in Sources */ = {isa = PBXBuildFile; fileRef = 1568AC132C2B00FE00C967FC /* MainDashboardViewController.swift */; };
		1568AC172C2B022800C967FC /* MainDashboardView.swift in Sources */ = {isa = PBXBuildFile; fileRef = 1568AC162C2B022800C967FC /* MainDashboardView.swift */; };
		1568AC192C2B18AB00C967FC /* TotalBalanceViewController.swift in Sources */ = {isa = PBXBuildFile; fileRef = 1568AC182C2B18AA00C967FC /* TotalBalanceViewController.swift */; };
		1568AC1D2C2B317700C967FC /* TabViewController.swift in Sources */ = {isa = PBXBuildFile; fileRef = 1568AC1C2C2B317700C967FC /* TabViewController.swift */; };
		1568AC1F2C2B3F1400C967FC /* CoursesViewController.swift in Sources */ = {isa = PBXBuildFile; fileRef = 1568AC1E2C2B3F1400C967FC /* CoursesViewController.swift */; };
/* End PBXBuildFile section */

/* Begin PBXFileReference section */
		152F9B732C2C1B45006E7E9C /* CoursesView.swift */ = {isa = PBXFileReference; lastKnownFileType = sourcecode.swift; path = CoursesView.swift; sourceTree = "<group>"; };
		152F9B752C2C1F17006E7E9C /* YouCoursesViewController.swift */ = {isa = PBXFileReference; lastKnownFileType = sourcecode.swift; path = YouCoursesViewController.swift; sourceTree = "<group>"; };
		152F9B772C2C360C006E7E9C /* CourseModel.swift */ = {isa = PBXFileReference; lastKnownFileType = sourcecode.swift; path = CourseModel.swift; sourceTree = "<group>"; };
		152F9B7C2C2C383D006E7E9C /* workCourseViewController.swift */ = {isa = PBXFileReference; lastKnownFileType = sourcecode.swift; path = workCourseViewController.swift; sourceTree = "<group>"; };
		152F9B7F2C2D7772006E7E9C /* DetailViewController.swift */ = {isa = PBXFileReference; lastKnownFileType = sourcecode.swift; path = DetailViewController.swift; sourceTree = "<group>"; };
		152F9B812C2DC098006E7E9C /* UserPageViewController.swift */ = {isa = PBXFileReference; lastKnownFileType = sourcecode.swift; path = UserPageViewController.swift; sourceTree = "<group>"; };
		152F9B842C2DD051006E7E9C /* SettingsViewController.swift */ = {isa = PBXFileReference; lastKnownFileType = sourcecode.swift; path = SettingsViewController.swift; sourceTree = "<group>"; };
		1568ABED2C2AD38700C967FC /* redskyHorizon.app */ = {isa = PBXFileReference; explicitFileType = wrapper.application; includeInIndex = 0; path = redskyHorizon.app; sourceTree = BUILT_PRODUCTS_DIR; };
		1568ABF02C2AD38700C967FC /* AppDelegate.swift */ = {isa = PBXFileReference; lastKnownFileType = sourcecode.swift; path = AppDelegate.swift; sourceTree = "<group>"; };
		1568ABF22C2AD38700C967FC /* SceneDelegate.swift */ = {isa = PBXFileReference; lastKnownFileType = sourcecode.swift; path = SceneDelegate.swift; sourceTree = "<group>"; };
		1568ABF72C2AD38700C967FC /* Base */ = {isa = PBXFileReference; lastKnownFileType = file.storyboard; name = Base; path = Base.lproj/Main.storyboard; sourceTree = "<group>"; };
		1568ABF92C2AD38900C967FC /* Assets.xcassets */ = {isa = PBXFileReference; lastKnownFileType = folder.assetcatalog; path = Assets.xcassets; sourceTree = "<group>"; };
		1568ABFC2C2AD38900C967FC /* Base */ = {isa = PBXFileReference; lastKnownFileType = file.storyboard; name = Base; path = Base.lproj/LaunchScreen.storyboard; sourceTree = "<group>"; };
		1568ABFE2C2AD38900C967FC /* Info.plist */ = {isa = PBXFileReference; lastKnownFileType = text.plist.xml; path = Info.plist; sourceTree = "<group>"; };
		1568AC062C2AD46C00C967FC /* LoadViewController.swift */ = {isa = PBXFileReference; lastKnownFileType = sourcecode.swift; path = LoadViewController.swift; sourceTree = "<group>"; };
		1568AC0C2C2ADEFC00C967FC /* OneUserViewController.swift */ = {isa = PBXFileReference; lastKnownFileType = sourcecode.swift; path = OneUserViewController.swift; sourceTree = "<group>"; };
		1568AC0E2C2ADF0B00C967FC /* TwoUserViewController.swift */ = {isa = PBXFileReference; lastKnownFileType = sourcecode.swift; path = TwoUserViewController.swift; sourceTree = "<group>"; };
		1568AC132C2B00FE00C967FC /* MainDashboardViewController.swift */ = {isa = PBXFileReference; lastKnownFileType = sourcecode.swift; path = MainDashboardViewController.swift; sourceTree = "<group>"; };
		1568AC162C2B022800C967FC /* MainDashboardView.swift */ = {isa = PBXFileReference; lastKnownFileType = sourcecode.swift; path = MainDashboardView.swift; sourceTree = "<group>"; };
		1568AC182C2B18AA00C967FC /* TotalBalanceViewController.swift */ = {isa = PBXFileReference; lastKnownFileType = sourcecode.swift; path = TotalBalanceViewController.swift; sourceTree = "<group>"; };
		1568AC1C2C2B317700C967FC /* TabViewController.swift */ = {isa = PBXFileReference; lastKnownFileType = sourcecode.swift; path = TabViewController.swift; sourceTree = "<group>"; };
		1568AC1E2C2B3F1400C967FC /* CoursesViewController.swift */ = {isa = PBXFileReference; lastKnownFileType = sourcecode.swift; path = CoursesViewController.swift; sourceTree = "<group>"; };
/* End PBXFileReference section */

/* Begin PBXFrameworksBuildPhase section */
		1568ABEA2C2AD38700C967FC /* Frameworks */ = {
			isa = PBXFrameworksBuildPhase;
			buildActionMask = 2147483647;
			files = (
				152F9B8F2C2ED2AC006E7E9C /* OneSignalInAppMessages in Frameworks */,
				152F9B962C2ED36B006E7E9C /* YandexMobileMetricaCrashes in Frameworks */,
				152F9B8D2C2ED2AC006E7E9C /* OneSignalFramework in Frameworks */,
				1568AC0A2C2ADA8E00C967FC /* SnapKit in Frameworks */,
				152F9B8B2C2ED2AC006E7E9C /* OneSignalExtension in Frameworks */,
				152F9B942C2ED36B006E7E9C /* YandexMobileMetrica in Frameworks */,
				152F9B912C2ED2AC006E7E9C /* OneSignalLocation in Frameworks */,
				152F9B882C2ECE6F006E7E9C /* ApphudSDK in Frameworks */,
			);
			runOnlyForDeploymentPostprocessing = 0;
		};
/* End PBXFrameworksBuildPhase section */

/* Begin PBXGroup section */
		152F9B702C2C17FA006E7E9C /* Courses */ = {
			isa = PBXGroup;
			children = (
				152F9B7E2C2D7759006E7E9C /* Detail */,
				152F9B7B2C2C377C006E7E9C /* EditAndnewCourses */,
				152F9B732C2C1B45006E7E9C /* CoursesView.swift */,
				152F9B752C2C1F17006E7E9C /* YouCoursesViewController.swift */,
			);
			path = Courses;
			sourceTree = "<group>";
		};
		152F9B7B2C2C377C006E7E9C /* EditAndnewCourses */ = {
			isa = PBXGroup;
			children = (
				152F9B7C2C2C383D006E7E9C /* workCourseViewController.swift */,
			);
			path = EditAndnewCourses;
			sourceTree = "<group>";
		};
		152F9B7E2C2D7759006E7E9C /* Detail */ = {
			isa = PBXGroup;
			children = (
				152F9B7F2C2D7772006E7E9C /* DetailViewController.swift */,
			);
			path = Detail;
			sourceTree = "<group>";
		};
		152F9B832C2DD03E006E7E9C /* Settings */ = {
			isa = PBXGroup;
			children = (
				152F9B842C2DD051006E7E9C /* SettingsViewController.swift */,
			);
			path = Settings;
			sourceTree = "<group>";
		};
		1568ABE42C2AD38700C967FC = {
			isa = PBXGroup;
			children = (
				1568ABEF2C2AD38700C967FC /* redskyHorizon */,
				1568ABEE2C2AD38700C967FC /* Products */,
			);
			sourceTree = "<group>";
		};
		1568ABEE2C2AD38700C967FC /* Products */ = {
			isa = PBXGroup;
			children = (
				1568ABED2C2AD38700C967FC /* redskyHorizon.app */,
			);
			name = Products;
			sourceTree = "<group>";
		};
		1568ABEF2C2AD38700C967FC /* redskyHorizon */ = {
			isa = PBXGroup;
			children = (
				152F9B832C2DD03E006E7E9C /* Settings */,
				152F9B702C2C17FA006E7E9C /* Courses */,
				1568AC1B2C2B315800C967FC /* TabBar */,
				1568ABFE2C2AD38900C967FC /* Info.plist */,
				1568AC052C2AD42900C967FC /* Other */,
				1568AC042C2AD40E00C967FC /* loadScreen */,
				1568AC0B2C2ADEB600C967FC /* UserOnboarding */,
				1568AC122C2B005200C967FC /* MainDashboard */,
				152F9B772C2C360C006E7E9C /* CourseModel.swift */,
			);
			path = redskyHorizon;
			sourceTree = "<group>";
		};
		1568AC042C2AD40E00C967FC /* loadScreen */ = {
			isa = PBXGroup;
			children = (
				1568AC062C2AD46C00C967FC /* LoadViewController.swift */,
			);
			path = loadScreen;
			sourceTree = "<group>";
		};
		1568AC052C2AD42900C967FC /* Other */ = {
			isa = PBXGroup;
			children = (
				1568ABF02C2AD38700C967FC /* AppDelegate.swift */,
				1568ABF92C2AD38900C967FC /* Assets.xcassets */,
				1568ABF22C2AD38700C967FC /* SceneDelegate.swift */,
				1568ABF62C2AD38700C967FC /* Main.storyboard */,
				1568ABFB2C2AD38900C967FC /* LaunchScreen.storyboard */,
			);
			path = Other;
			sourceTree = "<group>";
		};
		1568AC0B2C2ADEB600C967FC /* UserOnboarding */ = {
			isa = PBXGroup;
			children = (
				1568AC0E2C2ADF0B00C967FC /* TwoUserViewController.swift */,
				1568AC0C2C2ADEFC00C967FC /* OneUserViewController.swift */,
				152F9B812C2DC098006E7E9C /* UserPageViewController.swift */,
			);
			path = UserOnboarding;
			sourceTree = "<group>";
		};
		1568AC122C2B005200C967FC /* MainDashboard */ = {
			isa = PBXGroup;
			children = (
				1568AC1A2C2B18B300C967FC /* Other */,
				1568AC152C2B021100C967FC /* Main */,
			);
			path = MainDashboard;
			sourceTree = "<group>";
		};
		1568AC152C2B021100C967FC /* Main */ = {
			isa = PBXGroup;
			children = (
				1568AC132C2B00FE00C967FC /* MainDashboardViewController.swift */,
				1568AC162C2B022800C967FC /* MainDashboardView.swift */,
			);
			path = Main;
			sourceTree = "<group>";
		};
		1568AC1A2C2B18B300C967FC /* Other */ = {
			isa = PBXGroup;
			children = (
				1568AC182C2B18AA00C967FC /* TotalBalanceViewController.swift */,
				1568AC1E2C2B3F1400C967FC /* CoursesViewController.swift */,
			);
			path = Other;
			sourceTree = "<group>";
		};
		1568AC1B2C2B315800C967FC /* TabBar */ = {
			isa = PBXGroup;
			children = (
				1568AC1C2C2B317700C967FC /* TabViewController.swift */,
			);
			path = TabBar;
			sourceTree = "<group>";
		};
/* End PBXGroup section */

/* Begin PBXNativeTarget section */
		1568ABEC2C2AD38700C967FC /* redskyHorizon */ = {
			isa = PBXNativeTarget;
			buildConfigurationList = 1568AC012C2AD38900C967FC /* Build configuration list for PBXNativeTarget "redskyHorizon" */;
			buildPhases = (
				1568ABE92C2AD38700C967FC /* Sources */,
				1568ABEA2C2AD38700C967FC /* Frameworks */,
				1568ABEB2C2AD38700C967FC /* Resources */,
			);
			buildRules = (
			);
			dependencies = (
			);
			name = redskyHorizon;
			packageProductDependencies = (
				1568AC092C2ADA8E00C967FC /* SnapKit */,
				152F9B872C2ECE6F006E7E9C /* ApphudSDK */,
				152F9B8A2C2ED2AC006E7E9C /* OneSignalExtension */,
				152F9B8C2C2ED2AC006E7E9C /* OneSignalFramework */,
				152F9B8E2C2ED2AC006E7E9C /* OneSignalInAppMessages */,
				152F9B902C2ED2AC006E7E9C /* OneSignalLocation */,
				152F9B932C2ED36B006E7E9C /* YandexMobileMetrica */,
				152F9B952C2ED36B006E7E9C /* YandexMobileMetricaCrashes */,
			);
			productName = redskyHorizon;
			productReference = 1568ABED2C2AD38700C967FC /* redskyHorizon.app */;
			productType = "com.apple.product-type.application";
		};
/* End PBXNativeTarget section */

/* Begin PBXProject section */
		1568ABE52C2AD38700C967FC /* Project object */ = {
			isa = PBXProject;
			attributes = {
				BuildIndependentTargetsInParallel = 1;
				LastSwiftUpdateCheck = 1520;
				LastUpgradeCheck = 1520;
				TargetAttributes = {
					1568ABEC2C2AD38700C967FC = {
						CreatedOnToolsVersion = 15.2;
					};
				};
			};
			buildConfigurationList = 1568ABE82C2AD38700C967FC /* Build configuration list for PBXProject "redskyHorizon" */;
			compatibilityVersion = "Xcode 14.0";
			developmentRegion = en;
			hasScannedForEncodings = 0;
			knownRegions = (
				en,
				Base,
			);
			mainGroup = 1568ABE42C2AD38700C967FC;
			packageReferences = (
				1568AC082C2ADA8E00C967FC /* XCRemoteSwiftPackageReference "SnapKit" */,
				152F9B862C2ECE6F006E7E9C /* XCRemoteSwiftPackageReference "ApphudSDK" */,
				152F9B892C2ED2AC006E7E9C /* XCRemoteSwiftPackageReference "OneSignal-iOS-SDK" */,
				152F9B922C2ED36B006E7E9C /* XCRemoteSwiftPackageReference "metrica-sdk-ios" */,
			);
			productRefGroup = 1568ABEE2C2AD38700C967FC /* Products */;
			projectDirPath = "";
			projectRoot = "";
			targets = (
				1568ABEC2C2AD38700C967FC /* redskyHorizon */,
			);
		};
/* End PBXProject section */

/* Begin PBXResourcesBuildPhase section */
		1568ABEB2C2AD38700C967FC /* Resources */ = {
			isa = PBXResourcesBuildPhase;
			buildActionMask = 2147483647;
			files = (
				1568ABFD2C2AD38900C967FC /* LaunchScreen.storyboard in Resources */,
				1568ABFA2C2AD38900C967FC /* Assets.xcassets in Resources */,
				1568ABF82C2AD38700C967FC /* Main.storyboard in Resources */,
			);
			runOnlyForDeploymentPostprocessing = 0;
		};
/* End PBXResourcesBuildPhase section */

/* Begin PBXSourcesBuildPhase section */
		1568ABE92C2AD38700C967FC /* Sources */ = {
			isa = PBXSourcesBuildPhase;
			buildActionMask = 2147483647;
			files = (
				152F9B782C2C360C006E7E9C /* CourseModel.swift in Sources */,
				1568AC192C2B18AB00C967FC /* TotalBalanceViewController.swift in Sources */,
				152F9B822C2DC098006E7E9C /* UserPageViewController.swift in Sources */,
				152F9B7D2C2C383D006E7E9C /* workCourseViewController.swift in Sources */,
				1568AC142C2B00FE00C967FC /* MainDashboardViewController.swift in Sources */,
				1568AC0F2C2ADF0B00C967FC /* TwoUserViewController.swift in Sources */,
				1568AC172C2B022800C967FC /* MainDashboardView.swift in Sources */,
				1568AC072C2AD46C00C967FC /* LoadViewController.swift in Sources */,
				1568ABF12C2AD38700C967FC /* AppDelegate.swift in Sources */,
				1568AC1D2C2B317700C967FC /* TabViewController.swift in Sources */,
				1568AC0D2C2ADEFC00C967FC /* OneUserViewController.swift in Sources */,
				1568ABF32C2AD38700C967FC /* SceneDelegate.swift in Sources */,
				152F9B852C2DD051006E7E9C /* SettingsViewController.swift in Sources */,
				152F9B762C2C1F17006E7E9C /* YouCoursesViewController.swift in Sources */,
				152F9B802C2D7772006E7E9C /* DetailViewController.swift in Sources */,
				1568AC1F2C2B3F1400C967FC /* CoursesViewController.swift in Sources */,
				152F9B742C2C1B45006E7E9C /* CoursesView.swift in Sources */,
			);
			runOnlyForDeploymentPostprocessing = 0;
		};
/* End PBXSourcesBuildPhase section */

/* Begin PBXVariantGroup section */
		1568ABF62C2AD38700C967FC /* Main.storyboard */ = {
			isa = PBXVariantGroup;
			children = (
				1568ABF72C2AD38700C967FC /* Base */,
			);
			name = Main.storyboard;
			sourceTree = "<group>";
		};
		1568ABFB2C2AD38900C967FC /* LaunchScreen.storyboard */ = {
			isa = PBXVariantGroup;
			children = (
				1568ABFC2C2AD38900C967FC /* Base */,
			);
			name = LaunchScreen.storyboard;
			sourceTree = "<group>";
		};
/* End PBXVariantGroup section */

/* Begin XCBuildConfiguration section */
		1568ABFF2C2AD38900C967FC /* Debug */ = {
			isa = XCBuildConfiguration;
			buildSettings = {
				ALWAYS_SEARCH_USER_PATHS = NO;
				ASSETCATALOG_COMPILER_GENERATE_SWIFT_ASSET_SYMBOL_EXTENSIONS = YES;
				CLANG_ANALYZER_NONNULL = YES;
				CLANG_ANALYZER_NUMBER_OBJECT_CONVERSION = YES_AGGRESSIVE;
				CLANG_CXX_LANGUAGE_STANDARD = "gnu++20";
				CLANG_ENABLE_MODULES = YES;
				CLANG_ENABLE_OBJC_ARC = YES;
				CLANG_ENABLE_OBJC_WEAK = YES;
				CLANG_WARN_BLOCK_CAPTURE_AUTORELEASING = YES;
				CLANG_WARN_BOOL_CONVERSION = YES;
				CLANG_WARN_COMMA = YES;
				CLANG_WARN_CONSTANT_CONVERSION = YES;
				CLANG_WARN_DEPRECATED_OBJC_IMPLEMENTATIONS = YES;
				CLANG_WARN_DIRECT_OBJC_ISA_USAGE = YES_ERROR;
				CLANG_WARN_DOCUMENTATION_COMMENTS = YES;
				CLANG_WARN_EMPTY_BODY = YES;
				CLANG_WARN_ENUM_CONVERSION = YES;
				CLANG_WARN_INFINITE_RECURSION = YES;
				CLANG_WARN_INT_CONVERSION = YES;
				CLANG_WARN_NON_LITERAL_NULL_CONVERSION = YES;
				CLANG_WARN_OBJC_IMPLICIT_RETAIN_SELF = YES;
				CLANG_WARN_OBJC_LITERAL_CONVERSION = YES;
				CLANG_WARN_OBJC_ROOT_CLASS = YES_ERROR;
				CLANG_WARN_QUOTED_INCLUDE_IN_FRAMEWORK_HEADER = YES;
				CLANG_WARN_RANGE_LOOP_ANALYSIS = YES;
				CLANG_WARN_STRICT_PROTOTYPES = YES;
				CLANG_WARN_SUSPICIOUS_MOVE = YES;
				CLANG_WARN_UNGUARDED_AVAILABILITY = YES_AGGRESSIVE;
				CLANG_WARN_UNREACHABLE_CODE = YES;
				CLANG_WARN__DUPLICATE_METHOD_MATCH = YES;
				COPY_PHASE_STRIP = NO;
				DEBUG_INFORMATION_FORMAT = dwarf;
				ENABLE_STRICT_OBJC_MSGSEND = YES;
				ENABLE_TESTABILITY = YES;
				ENABLE_USER_SCRIPT_SANDBOXING = YES;
				GCC_C_LANGUAGE_STANDARD = gnu17;
				GCC_DYNAMIC_NO_PIC = NO;
				GCC_NO_COMMON_BLOCKS = YES;
				GCC_OPTIMIZATION_LEVEL = 0;
				GCC_PREPROCESSOR_DEFINITIONS = (
					"DEBUG=1",
					"$(inherited)",
				);
				GCC_WARN_64_TO_32_BIT_CONVERSION = YES;
				GCC_WARN_ABOUT_RETURN_TYPE = YES_ERROR;
				GCC_WARN_UNDECLARED_SELECTOR = YES;
				GCC_WARN_UNINITIALIZED_AUTOS = YES_AGGRESSIVE;
				GCC_WARN_UNUSED_FUNCTION = YES;
				GCC_WARN_UNUSED_VARIABLE = YES;
				IPHONEOS_DEPLOYMENT_TARGET = 17.2;
				LOCALIZATION_PREFERS_STRING_CATALOGS = YES;
				MTL_ENABLE_DEBUG_INFO = INCLUDE_SOURCE;
				MTL_FAST_MATH = YES;
				ONLY_ACTIVE_ARCH = YES;
				SDKROOT = iphoneos;
				SWIFT_ACTIVE_COMPILATION_CONDITIONS = "DEBUG $(inherited)";
				SWIFT_OPTIMIZATION_LEVEL = "-Onone";
			};
			name = Debug;
		};
		1568AC002C2AD38900C967FC /* Release */ = {
			isa = XCBuildConfiguration;
			buildSettings = {
				ALWAYS_SEARCH_USER_PATHS = NO;
				ASSETCATALOG_COMPILER_GENERATE_SWIFT_ASSET_SYMBOL_EXTENSIONS = YES;
				CLANG_ANALYZER_NONNULL = YES;
				CLANG_ANALYZER_NUMBER_OBJECT_CONVERSION = YES_AGGRESSIVE;
				CLANG_CXX_LANGUAGE_STANDARD = "gnu++20";
				CLANG_ENABLE_MODULES = YES;
				CLANG_ENABLE_OBJC_ARC = YES;
				CLANG_ENABLE_OBJC_WEAK = YES;
				CLANG_WARN_BLOCK_CAPTURE_AUTORELEASING = YES;
				CLANG_WARN_BOOL_CONVERSION = YES;
				CLANG_WARN_COMMA = YES;
				CLANG_WARN_CONSTANT_CONVERSION = YES;
				CLANG_WARN_DEPRECATED_OBJC_IMPLEMENTATIONS = YES;
				CLANG_WARN_DIRECT_OBJC_ISA_USAGE = YES_ERROR;
				CLANG_WARN_DOCUMENTATION_COMMENTS = YES;
				CLANG_WARN_EMPTY_BODY = YES;
				CLANG_WARN_ENUM_CONVERSION = YES;
				CLANG_WARN_INFINITE_RECURSION = YES;
				CLANG_WARN_INT_CONVERSION = YES;
				CLANG_WARN_NON_LITERAL_NULL_CONVERSION = YES;
				CLANG_WARN_OBJC_IMPLICIT_RETAIN_SELF = YES;
				CLANG_WARN_OBJC_LITERAL_CONVERSION = YES;
				CLANG_WARN_OBJC_ROOT_CLASS = YES_ERROR;
				CLANG_WARN_QUOTED_INCLUDE_IN_FRAMEWORK_HEADER = YES;
				CLANG_WARN_RANGE_LOOP_ANALYSIS = YES;
				CLANG_WARN_STRICT_PROTOTYPES = YES;
				CLANG_WARN_SUSPICIOUS_MOVE = YES;
				CLANG_WARN_UNGUARDED_AVAILABILITY = YES_AGGRESSIVE;
				CLANG_WARN_UNREACHABLE_CODE = YES;
				CLANG_WARN__DUPLICATE_METHOD_MATCH = YES;
				COPY_PHASE_STRIP = NO;
				DEBUG_INFORMATION_FORMAT = "dwarf-with-dsym";
				ENABLE_NS_ASSERTIONS = NO;
				ENABLE_STRICT_OBJC_MSGSEND = YES;
				ENABLE_USER_SCRIPT_SANDBOXING = YES;
				GCC_C_LANGUAGE_STANDARD = gnu17;
				GCC_NO_COMMON_BLOCKS = YES;
				GCC_WARN_64_TO_32_BIT_CONVERSION = YES;
				GCC_WARN_ABOUT_RETURN_TYPE = YES_ERROR;
				GCC_WARN_UNDECLARED_SELECTOR = YES;
				GCC_WARN_UNINITIALIZED_AUTOS = YES_AGGRESSIVE;
				GCC_WARN_UNUSED_FUNCTION = YES;
				GCC_WARN_UNUSED_VARIABLE = YES;
				IPHONEOS_DEPLOYMENT_TARGET = 17.2;
				LOCALIZATION_PREFERS_STRING_CATALOGS = YES;
				MTL_ENABLE_DEBUG_INFO = NO;
				MTL_FAST_MATH = YES;
				SDKROOT = iphoneos;
				SWIFT_COMPILATION_MODE = wholemodule;
				VALIDATE_PRODUCT = YES;
			};
			name = Release;
		};
		1568AC022C2AD38900C967FC /* Debug */ = {
			isa = XCBuildConfiguration;
			buildSettings = {
				ASSETCATALOG_COMPILER_APPICON_NAME = AppIcon;
				ASSETCATALOG_COMPILER_GLOBAL_ACCENT_COLOR_NAME = AccentColor;
				CODE_SIGN_STYLE = Automatic;
				CURRENT_PROJECT_VERSION = 1;
				DEVELOPMENT_TEAM = 6YA7577C98;
				GENERATE_INFOPLIST_FILE = YES;
				INFOPLIST_FILE = redskyHorizon/Info.plist;
				INFOPLIST_KEY_CFBundleDisplayName = "Redsky Horizon";
				INFOPLIST_KEY_UIApplicationSupportsIndirectInputEvents = YES;
				INFOPLIST_KEY_UILaunchStoryboardName = LaunchScreen;
				INFOPLIST_KEY_UISupportedInterfaceOrientations = UIInterfaceOrientationPortrait;
				INFOPLIST_KEY_UISupportedInterfaceOrientations_iPad = "UIInterfaceOrientationLandscapeLeft UIInterfaceOrientationLandscapeRight UIInterfaceOrientationPortrait UIInterfaceOrientationPortraitUpsideDown";
				IPHONEOS_DEPLOYMENT_TARGET = 13.0;
				LD_RUNPATH_SEARCH_PATHS = (
					"$(inherited)",
					"@executable_path/Frameworks",
				);
				MARKETING_VERSION = 1.0;
				PRODUCT_BUNDLE_IDENTIFIER = k.redskyHorizon;
				PRODUCT_NAME = "$(TARGET_NAME)";
				SUPPORTED_PLATFORMS = "iphoneos iphonesimulator";
				SUPPORTS_MACCATALYST = NO;
				SUPPORTS_XR_DESIGNED_FOR_IPHONE_IPAD = NO;
				SWIFT_EMIT_LOC_STRINGS = YES;
				SWIFT_VERSION = 5.0;
				TARGETED_DEVICE_FAMILY = "1,2";
			};
			name = Debug;
		};
		1568AC032C2AD38900C967FC /* Release */ = {
			isa = XCBuildConfiguration;
			buildSettings = {
				ASSETCATALOG_COMPILER_APPICON_NAME = AppIcon;
				ASSETCATALOG_COMPILER_GLOBAL_ACCENT_COLOR_NAME = AccentColor;
				CODE_SIGN_STYLE = Automatic;
				CURRENT_PROJECT_VERSION = 1;
				DEVELOPMENT_TEAM = 6YA7577C98;
				GENERATE_INFOPLIST_FILE = YES;
				INFOPLIST_FILE = redskyHorizon/Info.plist;
				INFOPLIST_KEY_CFBundleDisplayName = "Redsky Horizon";
				INFOPLIST_KEY_UIApplicationSupportsIndirectInputEvents = YES;
				INFOPLIST_KEY_UILaunchStoryboardName = LaunchScreen;
				INFOPLIST_KEY_UISupportedInterfaceOrientations = UIInterfaceOrientationPortrait;
				INFOPLIST_KEY_UISupportedInterfaceOrientations_iPad = "UIInterfaceOrientationLandscapeLeft UIInterfaceOrientationLandscapeRight UIInterfaceOrientationPortrait UIInterfaceOrientationPortraitUpsideDown";
				IPHONEOS_DEPLOYMENT_TARGET = 13.0;
				LD_RUNPATH_SEARCH_PATHS = (
					"$(inherited)",
					"@executable_path/Frameworks",
				);
				MARKETING_VERSION = 1.0;
				PRODUCT_BUNDLE_IDENTIFIER = k.redskyHorizon;
				PRODUCT_NAME = "$(TARGET_NAME)";
				SUPPORTED_PLATFORMS = "iphoneos iphonesimulator";
				SUPPORTS_MACCATALYST = NO;
				SUPPORTS_XR_DESIGNED_FOR_IPHONE_IPAD = NO;
				SWIFT_EMIT_LOC_STRINGS = YES;
				SWIFT_VERSION = 5.0;
				TARGETED_DEVICE_FAMILY = "1,2";
			};
			name = Release;
		};
/* End XCBuildConfiguration section */

/* Begin XCConfigurationList section */
		1568ABE82C2AD38700C967FC /* Build configuration list for PBXProject "redskyHorizon" */ = {
			isa = XCConfigurationList;
			buildConfigurations = (
				1568ABFF2C2AD38900C967FC /* Debug */,
				1568AC002C2AD38900C967FC /* Release */,
			);
			defaultConfigurationIsVisible = 0;
			defaultConfigurationName = Release;
		};
		1568AC012C2AD38900C967FC /* Build configuration list for PBXNativeTarget "redskyHorizon" */ = {
			isa = XCConfigurationList;
			buildConfigurations = (
				1568AC022C2AD38900C967FC /* Debug */,
				1568AC032C2AD38900C967FC /* Release */,
			);
			defaultConfigurationIsVisible = 0;
			defaultConfigurationName = Release;
		};
/* End XCConfigurationList section */

/* Begin XCRemoteSwiftPackageReference section */
		152F9B862C2ECE6F006E7E9C /* XCRemoteSwiftPackageReference "ApphudSDK" */ = {
			isa = XCRemoteSwiftPackageReference;
			repositoryURL = "https://github.com/apphud/ApphudSDK";
			requirement = {
				kind = exactVersion;
				version = 3.3.8;
			};
		};
		152F9B892C2ED2AC006E7E9C /* XCRemoteSwiftPackageReference "OneSignal-iOS-SDK" */ = {
			isa = XCRemoteSwiftPackageReference;
			repositoryURL = "https://github.com/OneSignal/OneSignal-iOS-SDK";
			requirement = {
				kind = exactVersion;
				version = 5.2.1;
			};
		};
		152F9B922C2ED36B006E7E9C /* XCRemoteSwiftPackageReference "metrica-sdk-ios" */ = {
			isa = XCRemoteSwiftPackageReference;
			repositoryURL = "https://github.com/yandexmobile/metrica-sdk-ios";
			requirement = {
				kind = exactVersion;
				version = 4.5.2;
			};
		};
		1568AC082C2ADA8E00C967FC /* XCRemoteSwiftPackageReference "SnapKit" */ = {
			isa = XCRemoteSwiftPackageReference;
			repositoryURL = "https://github.com/SnapKit/SnapKit";
			requirement = {
				kind = upToNextMajorVersion;
				minimumVersion = 5.7.1;
			};
		};
/* End XCRemoteSwiftPackageReference section */

/* Begin XCSwiftPackageProductDependency section */
		152F9B872C2ECE6F006E7E9C /* ApphudSDK */ = {
			isa = XCSwiftPackageProductDependency;
			package = 152F9B862C2ECE6F006E7E9C /* XCRemoteSwiftPackageReference "ApphudSDK" */;
			productName = ApphudSDK;
		};
		152F9B8A2C2ED2AC006E7E9C /* OneSignalExtension */ = {
			isa = XCSwiftPackageProductDependency;
			package = 152F9B892C2ED2AC006E7E9C /* XCRemoteSwiftPackageReference "OneSignal-iOS-SDK" */;
			productName = OneSignalExtension;
		};
		152F9B8C2C2ED2AC006E7E9C /* OneSignalFramework */ = {
			isa = XCSwiftPackageProductDependency;
			package = 152F9B892C2ED2AC006E7E9C /* XCRemoteSwiftPackageReference "OneSignal-iOS-SDK" */;
			productName = OneSignalFramework;
		};
		152F9B8E2C2ED2AC006E7E9C /* OneSignalInAppMessages */ = {
			isa = XCSwiftPackageProductDependency;
			package = 152F9B892C2ED2AC006E7E9C /* XCRemoteSwiftPackageReference "OneSignal-iOS-SDK" */;
			productName = OneSignalInAppMessages;
		};
		152F9B902C2ED2AC006E7E9C /* OneSignalLocation */ = {
			isa = XCSwiftPackageProductDependency;
			package = 152F9B892C2ED2AC006E7E9C /* XCRemoteSwiftPackageReference "OneSignal-iOS-SDK" */;
			productName = OneSignalLocation;
		};
		152F9B932C2ED36B006E7E9C /* YandexMobileMetrica */ = {
			isa = XCSwiftPackageProductDependency;
			package = 152F9B922C2ED36B006E7E9C /* XCRemoteSwiftPackageReference "metrica-sdk-ios" */;
			productName = YandexMobileMetrica;
		};
		152F9B952C2ED36B006E7E9C /* YandexMobileMetricaCrashes */ = {
			isa = XCSwiftPackageProductDependency;
			package = 152F9B922C2ED36B006E7E9C /* XCRemoteSwiftPackageReference "metrica-sdk-ios" */;
			productName = YandexMobileMetricaCrashes;
		};
		1568AC092C2ADA8E00C967FC /* SnapKit */ = {
			isa = XCSwiftPackageProductDependency;
			package = 1568AC082C2ADA8E00C967FC /* XCRemoteSwiftPackageReference "SnapKit" */;
			productName = SnapKit;
		};
/* End XCSwiftPackageProductDependency section */
	};
	rootObject = 1568ABE52C2AD38700C967FC /* Project object */;
}
